
Microsoft Visual Studio Solution File, Format Version 12.00
# Visual Studio Version 16
VisualStudioVersion = 16.0.30114.105
MinimumVisualStudioVersion = 10.0.40219.1
Project("{9A19103F-16F7-4668-BE54-9A1E7A4F7556}") = "Practical-1", "Practical-1\Practical-1.csproj", "{B0CA7B51-89E5-48A7-8B46-98C3206AE68B}"
EndProject
Project("{9A19103F-16F7-4668-BE54-9A1E7A4F7556}") = "Practical-2", "Practical-2\Practical-2.csproj", "{724ECCA2-ABBC-4401-9727-1638C2DC29D4}"
EndProject
Project("{9A19103F-16F7-4668-BE54-9A1E7A4F7556}") = "Practical-3,4", "Practical-3,4\Practical-3,4.csproj", "{D74D2471-0D85-46D4-8F8A-2578892D1858}"
EndProject
Project("{9A19103F-16F7-4668-BE54-9A1E7A4F7556}") = "Practical-5", "Practical-5\Practical-5.csproj", "{88782E04-818A-4D2D-9EF6-7A154519BB93}"
EndProject
Project("{9A19103F-16F7-4668-BE54-9A1E7A4F7556}") = "Practical-6", "Practical-6\Practical-6.csproj", "{6BDB686B-8B22-41A4-A919-C3859E906056}"
EndProject
Project("{9A19103F-16F7-4668-BE54-9A1E7A4F7556}") = "Practical-7", "Practical-7\Practical-7.csproj", "{BA25D34F-E86C-4585-B5B2-312319B8B77C}"
EndProject
Project("{9A19103F-16F7-4668-BE54-9A1E7A4F7556}") = "Practical-8", "Practical-8\Practical-8.csproj", "{B0C07FAB-C885-4BB7-8C46-4F1A969E3B99}"
EndProject
Project("{FAE04EC0-301F-11D3-BF4B-00C04F79EFBC}") = "Practical-9", "Practical-9\Practical-9.csproj", "{580EA820-6EBD-47DB-B575-8E5B2246AFE5}"
EndProject
Project("{FAE04EC0-301F-11D3-BF4B-00C04F79EFBC}") = "Practical-10", "..\..\..\..\Downloads\DotNet-Projects-master\DotNet-Projects-master\10. CheckEmptyString\Practical-10.csproj", "{68A388C2-454A-4881-B6DE-8B75EE980EFC}"
EndProject
Project("{FAE04EC0-301F-11D3-BF4B-00C04F79EFBC}") = "Practical-11", "Practical-11\Practical-11.csproj", "{5AF08D16-A58E-4BD8-896C-B9BD8DDA9DA1}"
EndProject
Project("{FAE04EC0-301F-11D3-BF4B-00C04F79EFBC}") = "Practical-12", "Practical-12\Practical-12.csproj", "{E8D7CDC7-E5CD-412D-A7ED-BA05871937D8}"
EndProject
Project("{FAE04EC0-301F-11D3-BF4B-00C04F79EFBC}") = "Practical-13", "Practical-13\Practical-13.csproj", "{723A46DC-BF86-4074-8499-F83C54ACE2A2}"
EndProject
Global
	GlobalSection(SolutionConfigurationPlatforms) = preSolution
		Debug|Any CPU = Debug|Any CPU
		Release|Any CPU = Release|Any CPU
	EndGlobalSection
	GlobalSection(ProjectConfigurationPlatforms) = postSolution
		{B0CA7B51-89E5-48A7-8B46-98C3206AE68B}.Debug|Any CPU.ActiveCfg = Debug|Any CPU
		{B0CA7B51-89E5-48A7-8B46-98C3206AE68B}.Debug|Any CPU.Build.0 = Debug|Any CPU
		{B0CA7B51-89E5-48A7-8B46-98C3206AE68B}.Release|Any CPU.ActiveCfg = Release|Any CPU
		{B0CA7B51-89E5-48A7-8B46-98C3206AE68B}.Release|Any CPU.Build.0 = Release|Any CPU
		{724ECCA2-ABBC-4401-9727-1638C2DC29D4}.Debug|Any CPU.ActiveCfg = Debug|Any CPU
		{724ECCA2-ABBC-4401-9727-1638C2DC29D4}.Debug|Any CPU.Build.0 = Debug|Any CPU
		{724ECCA2-ABBC-4401-9727-1638C2DC29D4}.Release|Any CPU.ActiveCfg = Release|Any CPU
		{724ECCA2-ABBC-4401-9727-1638C2DC29D4}.Release|Any CPU.Build.0 = Release|Any CPU
		{D74D2471-0D85-46D4-8F8A-2578892D1858}.Debug|Any CPU.ActiveCfg = Debug|Any CPU
		{D74D2471-0D85-46D4-8F8A-2578892D1858}.Debug|Any CPU.Build.0 = Debug|Any CPU
		{D74D2471-0D85-46D4-8F8A-2578892D1858}.Release|Any CPU.ActiveCfg = Release|Any CPU
		{D74D2471-0D85-46D4-8F8A-2578892D1858}.Release|Any CPU.Build.0 = Release|Any CPU
		{88782E04-818A-4D2D-9EF6-7A154519BB93}.Debug|Any CPU.ActiveCfg = Debug|Any CPU
		{88782E04-818A-4D2D-9EF6-7A154519BB93}.Debug|Any CPU.Build.0 = Debug|Any CPU
		{88782E04-818A-4D2D-9EF6-7A154519BB93}.Release|Any CPU.ActiveCfg = Release|Any CPU
		{88782E04-818A-4D2D-9EF6-7A154519BB93}.Release|Any CPU.Build.0 = Release|Any CPU
		{6BDB686B-8B22-41A4-A919-C3859E906056}.Debug|Any CPU.ActiveCfg = Debug|Any CPU
		{6BDB686B-8B22-41A4-A919-C3859E906056}.Debug|Any CPU.Build.0 = Debug|Any CPU
		{6BDB686B-8B22-41A4-A919-C3859E906056}.Release|Any CPU.ActiveCfg = Release|Any CPU
		{6BDB686B-8B22-41A4-A919-C3859E906056}.Release|Any CPU.Build.0 = Release|Any CPU
		{BA25D34F-E86C-4585-B5B2-312319B8B77C}.Debug|Any CPU.ActiveCfg = Debug|Any CPU
		{BA25D34F-E86C-4585-B5B2-312319B8B77C}.Debug|Any CPU.Build.0 = Debug|Any CPU
		{BA25D34F-E86C-4585-B5B2-312319B8B77C}.Release|Any CPU.ActiveCfg = Release|Any CPU
		{BA25D34F-E86C-4585-B5B2-312319B8B77C}.Release|Any CPU.Build.0 = Release|Any CPU
		{B0C07FAB-C885-4BB7-8C46-4F1A969E3B99}.Debug|Any CPU.ActiveCfg = Debug|Any CPU
		{B0C07FAB-C885-4BB7-8C46-4F1A969E3B99}.Debug|Any CPU.Build.0 = Debug|Any CPU
		{B0C07FAB-C885-4BB7-8C46-4F1A969E3B99}.Release|Any CPU.ActiveCfg = Release|Any CPU
		{B0C07FAB-C885-4BB7-8C46-4F1A969E3B99}.Release|Any CPU.Build.0 = Release|Any CPU
		{580EA820-6EBD-47DB-B575-8E5B2246AFE5}.Debug|Any CPU.ActiveCfg = Debug|Any CPU
		{580EA820-6EBD-47DB-B575-8E5B2246AFE5}.Debug|Any CPU.Build.0 = Debug|Any CPU
		{580EA820-6EBD-47DB-B575-8E5B2246AFE5}.Release|Any CPU.ActiveCfg = Release|Any CPU
		{580EA820-6EBD-47DB-B575-8E5B2246AFE5}.Release|Any CPU.Build.0 = Release|Any CPU
		{68A388C2-454A-4881-B6DE-8B75EE980EFC}.Debug|Any CPU.ActiveCfg = Debug|Any CPU
		{68A388C2-454A-4881-B6DE-8B75EE980EFC}.Debug|Any CPU.Build.0 = Debug|Any CPU
		{68A388C2-454A-4881-B6DE-8B75EE980EFC}.Release|Any CPU.ActiveCfg = Release|Any CPU
		{68A388C2-454A-4881-B6DE-8B75EE980EFC}.Release|Any CPU.Build.0 = Release|Any CPU
		{5AF08D16-A58E-4BD8-896C-B9BD8DDA9DA1}.Debug|Any CPU.ActiveCfg = Debug|Any CPU
		{5AF08D16-A58E-4BD8-896C-B9BD8DDA9DA1}.Debug|Any CPU.Build.0 = Debug|Any CPU
		{5AF08D16-A58E-4BD8-896C-B9BD8DDA9DA1}.Release|Any CPU.ActiveCfg = Release|Any CPU
		{5AF08D16-A58E-4BD8-896C-B9BD8DDA9DA1}.Release|Any CPU.Build.0 = Release|Any CPU
		{E8D7CDC7-E5CD-412D-A7ED-BA05871937D8}.Debug|Any CPU.ActiveCfg = Debug|Any CPU
		{E8D7CDC7-E5CD-412D-A7ED-BA05871937D8}.Debug|Any CPU.Build.0 = Debug|Any CPU
		{E8D7CDC7-E5CD-412D-A7ED-BA05871937D8}.Release|Any CPU.ActiveCfg = Release|Any CPU
		{E8D7CDC7-E5CD-412D-A7ED-BA05871937D8}.Release|Any CPU.Build.0 = Release|Any CPU
		{723A46DC-BF86-4074-8499-F83C54ACE2A2}.Debug|Any CPU.ActiveCfg = Debug|Any CPU
		{723A46DC-BF86-4074-8499-F83C54ACE2A2}.Debug|Any CPU.Build.0 = Debug|Any CPU
		{723A46DC-BF86-4074-8499-F83C54ACE2A2}.Release|Any CPU.ActiveCfg = Release|Any CPU
		{723A46DC-BF86-4074-8499-F83C54ACE2A2}.Release|Any CPU.Build.0 = Release|Any CPU
	EndGlobalSection
	GlobalSection(SolutionProperties) = preSolution
		HideSolutionNode = FALSE
	EndGlobalSection
	GlobalSection(ExtensibilityGlobals) = postSolution
		SolutionGuid = {0896E8CC-3888-430F-8762-B84CA0944217}
	EndGlobalSection
EndGlobal
